{
  "name": "COMP-330-Team-Project",
  "lockfileVersion": 3,
  "requires": true,
  "packages": {
    "": {
      "dependencies": {
        "appwrite": "^21.3.0"
      }
    },
    "node_modules/appwrite": {
      "version": "21.3.0",
      "resolved": "https://registry.npmjs.org/appwrite/-/appwrite-21.3.0.tgz",
      "integrity": "sha512-b3apD2fiQ7g+2damLZ0Lk9SdCJb32wXKq1ijB7blAl0uItqMx0I34E0RVaC5aER5VTCXHFAlHRjZ1GQypdNt1A=="
    }
  }
}
